
Microsoft Visual Studio Solution File, Format Version 12.00
# Visual Studio Version 16
VisualStudioVersion = 16.0.30309.148
MinimumVisualStudioVersion = 10.0.40219.1
Project("{FAE04EC0-301F-11D3-BF4B-00C04F79EFBC}") = "CodeFirst", "CodeFirst\CodeFirst.csproj", "{0DDACD18-5FF3-44BC-9394-ED36A5FA72BC}"
EndProject
Global
	GlobalSection(SolutionConfigurationPlatforms) = preSolution
		Debug|Any CPU = Debug|Any CPU
		Release|Any CPU = Release|Any CPU
	EndGlobalSection
	GlobalSection(ProjectConfigurationPlatforms) = postSolution
		{0DDACD18-5FF3-44BC-9394-ED36A5FA72BC}.Debug|Any CPU.ActiveCfg = Debug|Any CPU
		{0DDACD18-5FF3-44BC-9394-ED36A5FA72BC}.Debug|Any CPU.Build.0 = Debug|Any CPU
		{0DDACD18-5FF3-44BC-9394-ED36A5FA72BC}.Release|Any CPU.ActiveCfg = Release|Any CPU
		{0DDACD18-5FF3-44BC-9394-ED36A5FA72BC}.Release|Any CPU.Build.0 = Release|Any CPU
	EndGlobalSection
	GlobalSection(SolutionProperties) = preSolution
		HideSolutionNode = FALSE
	EndGlobalSection
	GlobalSection(ExtensibilityGlobals) = postSolution
		SolutionGuid = {5DDA26CD-8969-47AC-B617-A7137FA9C582}
	EndGlobalSection
EndGlobal
