
Microsoft Visual Studio Solution File, Format Version 12.00
# Visual Studio Version 16
VisualStudioVersion = 16.0.30309.148
MinimumVisualStudioVersion = 10.0.40219.1
Project("{FAE04EC0-301F-11D3-BF4B-00C04F79EFBC}") = "Boolean_logic", "Boolean_logic\Boolean_logic.csproj", "{884093A2-A453-4F16-9856-74BFCCE3B148}"
EndProject
Global
	GlobalSection(SolutionConfigurationPlatforms) = preSolution
		Debug|Any CPU = Debug|Any CPU
		Release|Any CPU = Release|Any CPU
	EndGlobalSection
	GlobalSection(ProjectConfigurationPlatforms) = postSolution
		{884093A2-A453-4F16-9856-74BFCCE3B148}.Debug|Any CPU.ActiveCfg = Debug|Any CPU
		{884093A2-A453-4F16-9856-74BFCCE3B148}.Debug|Any CPU.Build.0 = Debug|Any CPU
		{884093A2-A453-4F16-9856-74BFCCE3B148}.Release|Any CPU.ActiveCfg = Release|Any CPU
		{884093A2-A453-4F16-9856-74BFCCE3B148}.Release|Any CPU.Build.0 = Release|Any CPU
	EndGlobalSection
	GlobalSection(SolutionProperties) = preSolution
		HideSolutionNode = FALSE
	EndGlobalSection
	GlobalSection(ExtensibilityGlobals) = postSolution
		SolutionGuid = {EDF28062-0B59-4C88-9369-66046D10452B}
	EndGlobalSection
EndGlobal
