
Microsoft Visual Studio Solution File, Format Version 12.00
# Visual Studio Version 16
VisualStudioVersion = 16.0.30309.148
MinimumVisualStudioVersion = 10.0.40219.1
Project("{FAE04EC0-301F-11D3-BF4B-00C04F79EFBC}") = "ConstVarConstuctors", "ConstVarConstuctors\ConstVarConstuctors.csproj", "{3D495736-E306-47B5-A078-A94DE2084F8A}"
EndProject
Global
	GlobalSection(SolutionConfigurationPlatforms) = preSolution
		Debug|Any CPU = Debug|Any CPU
		Release|Any CPU = Release|Any CPU
	EndGlobalSection
	GlobalSection(ProjectConfigurationPlatforms) = postSolution
		{3D495736-E306-47B5-A078-A94DE2084F8A}.Debug|Any CPU.ActiveCfg = Debug|Any CPU
		{3D495736-E306-47B5-A078-A94DE2084F8A}.Debug|Any CPU.Build.0 = Debug|Any CPU
		{3D495736-E306-47B5-A078-A94DE2084F8A}.Release|Any CPU.ActiveCfg = Release|Any CPU
		{3D495736-E306-47B5-A078-A94DE2084F8A}.Release|Any CPU.Build.0 = Release|Any CPU
	EndGlobalSection
	GlobalSection(SolutionProperties) = preSolution
		HideSolutionNode = FALSE
	EndGlobalSection
	GlobalSection(ExtensibilityGlobals) = postSolution
		SolutionGuid = {27D1440A-FC84-47FC-95FA-619780C3DA6C}
	EndGlobalSection
EndGlobal
