
Microsoft Visual Studio Solution File, Format Version 12.00
# Visual Studio Version 16
VisualStudioVersion = 16.0.30309.148
MinimumVisualStudioVersion = 10.0.40219.1
Project("{FAE04EC0-301F-11D3-BF4B-00C04F79EFBC}") = "EnumDaysOfWeek", "EnumDaysOfWeek\EnumDaysOfWeek.csproj", "{56E80C02-1F56-4046-8A53-D72DD9CFA169}"
EndProject
Global
	GlobalSection(SolutionConfigurationPlatforms) = preSolution
		Debug|Any CPU = Debug|Any CPU
		Release|Any CPU = Release|Any CPU
	EndGlobalSection
	GlobalSection(ProjectConfigurationPlatforms) = postSolution
		{56E80C02-1F56-4046-8A53-D72DD9CFA169}.Debug|Any CPU.ActiveCfg = Debug|Any CPU
		{56E80C02-1F56-4046-8A53-D72DD9CFA169}.Debug|Any CPU.Build.0 = Debug|Any CPU
		{56E80C02-1F56-4046-8A53-D72DD9CFA169}.Release|Any CPU.ActiveCfg = Release|Any CPU
		{56E80C02-1F56-4046-8A53-D72DD9CFA169}.Release|Any CPU.Build.0 = Release|Any CPU
	EndGlobalSection
	GlobalSection(SolutionProperties) = preSolution
		HideSolutionNode = FALSE
	EndGlobalSection
	GlobalSection(ExtensibilityGlobals) = postSolution
		SolutionGuid = {4E17BBBB-C8BB-4A12-AA40-B959C51B9664}
	EndGlobalSection
EndGlobal
