
Microsoft Visual Studio Solution File, Format Version 12.00
# Visual Studio Version 16
VisualStudioVersion = 16.0.30309.148
MinimumVisualStudioVersion = 10.0.40219.1
Project("{FAE04EC0-301F-11D3-BF4B-00C04F79EFBC}") = "Lambda", "Lambda\Lambda.csproj", "{BA898100-61EB-4DB8-B62A-9F34B8A9DB12}"
EndProject
Global
	GlobalSection(SolutionConfigurationPlatforms) = preSolution
		Debug|Any CPU = Debug|Any CPU
		Release|Any CPU = Release|Any CPU
	EndGlobalSection
	GlobalSection(ProjectConfigurationPlatforms) = postSolution
		{BA898100-61EB-4DB8-B62A-9F34B8A9DB12}.Debug|Any CPU.ActiveCfg = Debug|Any CPU
		{BA898100-61EB-4DB8-B62A-9F34B8A9DB12}.Debug|Any CPU.Build.0 = Debug|Any CPU
		{BA898100-61EB-4DB8-B62A-9F34B8A9DB12}.Release|Any CPU.ActiveCfg = Release|Any CPU
		{BA898100-61EB-4DB8-B62A-9F34B8A9DB12}.Release|Any CPU.Build.0 = Release|Any CPU
	EndGlobalSection
	GlobalSection(SolutionProperties) = preSolution
		HideSolutionNode = FALSE
	EndGlobalSection
	GlobalSection(ExtensibilityGlobals) = postSolution
		SolutionGuid = {3870E40B-1A69-4DD7-9AE5-067C116F7931}
	EndGlobalSection
EndGlobal
