
Microsoft Visual Studio Solution File, Format Version 12.00
# Visual Studio Version 16
VisualStudioVersion = 16.0.30309.148
MinimumVisualStudioVersion = 10.0.40219.1
Project("{FAE04EC0-301F-11D3-BF4B-00C04F79EFBC}") = "Iteration", "Iteration\Iteration.csproj", "{1381477D-E182-43E5-9697-19EAA733306C}"
EndProject
Global
	GlobalSection(SolutionConfigurationPlatforms) = preSolution
		Debug|Any CPU = Debug|Any CPU
		Release|Any CPU = Release|Any CPU
	EndGlobalSection
	GlobalSection(ProjectConfigurationPlatforms) = postSolution
		{1381477D-E182-43E5-9697-19EAA733306C}.Debug|Any CPU.ActiveCfg = Debug|Any CPU
		{1381477D-E182-43E5-9697-19EAA733306C}.Debug|Any CPU.Build.0 = Debug|Any CPU
		{1381477D-E182-43E5-9697-19EAA733306C}.Release|Any CPU.ActiveCfg = Release|Any CPU
		{1381477D-E182-43E5-9697-19EAA733306C}.Release|Any CPU.Build.0 = Release|Any CPU
	EndGlobalSection
	GlobalSection(SolutionProperties) = preSolution
		HideSolutionNode = FALSE
	EndGlobalSection
	GlobalSection(ExtensibilityGlobals) = postSolution
		SolutionGuid = {8B3CD1E9-474E-4492-8EA6-9AA794505B2D}
	EndGlobalSection
EndGlobal
